<?xml version="1.0" encoding="UTF-8" standalone="yes" ?>
<CodeBlocks_project_file>
	<FileVersion major="1" minor="6" />
	<Project>
		<Option title="btc++" />
		<Option pch_mode="2" />
		<Option compiler="gcc" />
		<Build>
			<Target title="Debug">
				<Option output="bin/Debug/btc++" prefix_auto="1" extension_auto="1" />
				<Option object_output="obj/Debug/" />
				<Option type="1" />
				<Option compiler="gcc" />
				<Compiler>
					<Add option="-g" />
				</Compiler>
			</Target>
			<Target title="Release">
				<Option output="bin/Release/btc++" prefix_auto="1" extension_auto="1" />
				<Option object_output="obj/Release/" />
				<Option type="1" />
				<Option compiler="gcc" />
				<Compiler>
					<Add option="-O2" />
				</Compiler>
				<Linker>
					<Add option="-s" />
				</Linker>
			</Target>
		</Build>
		<Compiler>
			<Add option="-Wall" />
		</Compiler>
		<Unit filename="107.cpp">
			<Option compile="0" />
			<Option link="0" />
		</Unit>
		<Unit filename="bt1.cpp">
			<Option compile="0" />
			<Option link="0" />
		</Unit>
		<Unit filename="bt10.cpp">
			<Option compile="0" />
			<Option link="0" />
		</Unit>
		<Unit filename="bt100.cpp">
			<Option compile="0" />
			<Option link="0" />
		</Unit>
		<Unit filename="bt101.cpp">
			<Option compile="0" />
			<Option link="0" />
		</Unit>
		<Unit filename="bt102.cpp">
			<Option compile="0" />
			<Option link="0" />
		</Unit>
		<Unit filename="bt103.cpp">
			<Option compile="0" />
			<Option link="0" />
		</Unit>
		<Unit filename="bt104.cpp">
			<Option compile="0" />
			<Option link="0" />
		</Unit>
		<Unit filename="bt105.cpp">
			<Option compile="0" />
			<Option link="0" />
		</Unit>
		<Unit filename="bt106.cpp">
			<Option compile="0" />
			<Option link="0" />
		</Unit>
		<Unit filename="bt108.cpp">
			<Option compile="0" />
			<Option link="0" />
		</Unit>
		<Unit filename="bt109.cpp">
			<Option compile="0" />
			<Option link="0" />
		</Unit>
		<Unit filename="bt11.cpp">
			<Option compile="0" />
			<Option link="0" />
		</Unit>
		<Unit filename="bt110.cpp" />
		<Unit filename="bt12.cpp">
			<Option compile="0" />
			<Option link="0" />
		</Unit>
		<Unit filename="bt13.cpp">
			<Option compile="0" />
			<Option link="0" />
		</Unit>
		<Unit filename="bt14.cpp">
			<Option compile="0" />
			<Option link="0" />
		</Unit>
		<Unit filename="bt15.cpp">
			<Option compile="0" />
			<Option link="0" />
		</Unit>
		<Unit filename="bt16.cpp">
			<Option compile="0" />
			<Option link="0" />
		</Unit>
		<Unit filename="bt17.cpp">
			<Option compile="0" />
			<Option link="0" />
		</Unit>
		<Unit filename="bt18.cpp">
			<Option compile="0" />
			<Option link="0" />
		</Unit>
		<Unit filename="bt19.cpp">
			<Option compile="0" />
			<Option link="0" />
		</Unit>
		<Unit filename="bt2.cpp">
			<Option compile="0" />
			<Option link="0" />
		</Unit>
		<Unit filename="bt20.cpp">
			<Option compile="0" />
			<Option link="0" />
		</Unit>
		<Unit filename="bt21.cpp">
			<Option compile="0" />
			<Option link="0" />
		</Unit>
		<Unit filename="bt22.cpp">
			<Option compile="0" />
			<Option link="0" />
		</Unit>
		<Unit filename="bt23.cpp">
			<Option compile="0" />
			<Option link="0" />
		</Unit>
		<Unit filename="bt24.cpp">
			<Option compile="0" />
			<Option link="0" />
		</Unit>
		<Unit filename="bt25.cpp">
			<Option compile="0" />
			<Option link="0" />
		</Unit>
		<Unit filename="bt26.cpp">
			<Option compile="0" />
			<Option link="0" />
		</Unit>
		<Unit filename="bt27.cpp">
			<Option compile="0" />
			<Option link="0" />
		</Unit>
		<Unit filename="bt28.cpp">
			<Option compile="0" />
			<Option link="0" />
		</Unit>
		<Unit filename="bt29.cpp">
			<Option compile="0" />
			<Option link="0" />
		</Unit>
		<Unit filename="bt3.cpp">
			<Option compile="0" />
			<Option link="0" />
		</Unit>
		<Unit filename="bt30.cpp">
			<Option compile="0" />
			<Option link="0" />
		</Unit>
		<Unit filename="bt31.cpp">
			<Option compile="0" />
			<Option link="0" />
		</Unit>
		<Unit filename="bt32.cpp">
			<Option compile="0" />
			<Option link="0" />
		</Unit>
		<Unit filename="bt33.cpp">
			<Option compile="0" />
			<Option link="0" />
		</Unit>
		<Unit filename="bt34.cpp">
			<Option compile="0" />
			<Option link="0" />
		</Unit>
		<Unit filename="bt35.cpp">
			<Option compile="0" />
			<Option link="0" />
		</Unit>
		<Unit filename="bt36.cpp">
			<Option compile="0" />
			<Option link="0" />
		</Unit>
		<Unit filename="bt37.cpp">
			<Option compile="0" />
			<Option link="0" />
		</Unit>
		<Unit filename="bt38.cpp">
			<Option compile="0" />
			<Option link="0" />
		</Unit>
		<Unit filename="bt39.cpp">
			<Option compile="0" />
			<Option link="0" />
		</Unit>
		<Unit filename="bt4.cpp">
			<Option compile="0" />
			<Option link="0" />
		</Unit>
		<Unit filename="bt40.cpp">
			<Option compile="0" />
			<Option link="0" />
		</Unit>
		<Unit filename="bt41.cpp">
			<Option compile="0" />
			<Option link="0" />
		</Unit>
		<Unit filename="bt42.cpp">
			<Option compile="0" />
			<Option link="0" />
		</Unit>
		<Unit filename="bt43.cpp">
			<Option compile="0" />
			<Option link="0" />
		</Unit>
		<Unit filename="bt44.cpp">
			<Option compile="0" />
			<Option link="0" />
		</Unit>
		<Unit filename="bt45.cpp">
			<Option compile="0" />
			<Option link="0" />
		</Unit>
		<Unit filename="bt46.cpp">
			<Option compile="0" />
			<Option link="0" />
		</Unit>
		<Unit filename="bt47.cpp">
			<Option compile="0" />
			<Option link="0" />
		</Unit>
		<Unit filename="bt48.cpp">
			<Option compile="0" />
			<Option link="0" />
		</Unit>
		<Unit filename="bt49.cpp">
			<Option compile="0" />
			<Option link="0" />
		</Unit>
		<Unit filename="bt5.cpp">
			<Option compile="0" />
			<Option link="0" />
		</Unit>
		<Unit filename="bt50.cpp">
			<Option compile="0" />
			<Option link="0" />
		</Unit>
		<Unit filename="bt51.cpp">
			<Option compile="0" />
			<Option link="0" />
		</Unit>
		<Unit filename="bt52.cpp">
			<Option compile="0" />
			<Option link="0" />
		</Unit>
		<Unit filename="bt53.cpp">
			<Option compile="0" />
			<Option link="0" />
		</Unit>
		<Unit filename="bt54.cpp">
			<Option compile="0" />
			<Option link="0" />
		</Unit>
		<Unit filename="bt55.cpp">
			<Option compile="0" />
			<Option link="0" />
		</Unit>
		<Unit filename="bt56.cpp">
			<Option compile="0" />
			<Option link="0" />
		</Unit>
		<Unit filename="bt57.cpp">
			<Option compile="0" />
			<Option link="0" />
		</Unit>
		<Unit filename="bt58.cpp">
			<Option compile="0" />
			<Option link="0" />
		</Unit>
		<Unit filename="bt59.cpp">
			<Option compile="0" />
			<Option link="0" />
		</Unit>
		<Unit filename="bt6.cpp">
			<Option compile="0" />
			<Option link="0" />
		</Unit>
		<Unit filename="bt60.cpp">
			<Option compile="0" />
			<Option link="0" />
		</Unit>
		<Unit filename="bt61.cpp">
			<Option compile="0" />
			<Option link="0" />
		</Unit>
		<Unit filename="bt62.cpp">
			<Option compile="0" />
			<Option link="0" />
		</Unit>
		<Unit filename="bt63.cpp">
			<Option compile="0" />
			<Option link="0" />
		</Unit>
		<Unit filename="bt64.cpp">
			<Option compile="0" />
			<Option link="0" />
		</Unit>
		<Unit filename="bt65.cpp">
			<Option compile="0" />
			<Option link="0" />
		</Unit>
		<Unit filename="bt66.cpp">
			<Option compile="0" />
			<Option link="0" />
		</Unit>
		<Unit filename="bt67.cpp">
			<Option compile="0" />
			<Option link="0" />
		</Unit>
		<Unit filename="bt68.cpp">
			<Option compile="0" />
			<Option link="0" />
		</Unit>
		<Unit filename="bt69.cpp">
			<Option compile="0" />
			<Option link="0" />
		</Unit>
		<Unit filename="bt7.cpp">
			<Option compile="0" />
			<Option link="0" />
		</Unit>
		<Unit filename="bt70.cpp">
			<Option compile="0" />
			<Option link="0" />
		</Unit>
		<Unit filename="bt71.cpp">
			<Option compile="0" />
			<Option link="0" />
		</Unit>
		<Unit filename="bt72.cpp">
			<Option compile="0" />
			<Option link="0" />
		</Unit>
		<Unit filename="bt73.cpp">
			<Option compile="0" />
			<Option link="0" />
		</Unit>
		<Unit filename="bt74.cpp">
			<Option compile="0" />
			<Option link="0" />
		</Unit>
		<Unit filename="bt75.cpp">
			<Option compile="0" />
			<Option link="0" />
		</Unit>
		<Unit filename="bt76.cpp">
			<Option compile="0" />
			<Option link="0" />
		</Unit>
		<Unit filename="bt77.cpp">
			<Option compile="0" />
			<Option link="0" />
		</Unit>
		<Unit filename="bt78.cpp">
			<Option compile="0" />
			<Option link="0" />
		</Unit>
		<Unit filename="bt79.cpp">
			<Option compile="0" />
			<Option link="0" />
		</Unit>
		<Unit filename="bt8.cpp">
			<Option compile="0" />
			<Option link="0" />
		</Unit>
		<Unit filename="bt80.cpp">
			<Option compile="0" />
			<Option link="0" />
		</Unit>
		<Unit filename="bt82.cpp">
			<Option compile="0" />
			<Option link="0" />
		</Unit>
		<Unit filename="bt83.cpp">
			<Option compile="0" />
			<Option link="0" />
		</Unit>
		<Unit filename="bt84.cpp">
			<Option compile="0" />
			<Option link="0" />
		</Unit>
		<Unit filename="bt85.cpp">
			<Option compile="0" />
			<Option link="0" />
		</Unit>
		<Unit filename="bt86.cpp">
			<Option compile="0" />
			<Option link="0" />
		</Unit>
		<Unit filename="bt87.cpp">
			<Option compile="0" />
			<Option link="0" />
		</Unit>
		<Unit filename="bt88.cpp">
			<Option compile="0" />
			<Option link="0" />
		</Unit>
		<Unit filename="bt89.cpp">
			<Option compile="0" />
			<Option link="0" />
		</Unit>
		<Unit filename="bt9.cpp">
			<Option compile="0" />
			<Option link="0" />
		</Unit>
		<Unit filename="bt90.cpp">
			<Option compile="0" />
			<Option link="0" />
		</Unit>
		<Unit filename="bt91.cpp">
			<Option compile="0" />
			<Option link="0" />
		</Unit>
		<Unit filename="bt92.cpp">
			<Option compile="0" />
			<Option link="0" />
		</Unit>
		<Unit filename="bt93.cpp">
			<Option compile="0" />
			<Option link="0" />
		</Unit>
		<Unit filename="bt94.cpp">
			<Option compile="0" />
			<Option link="0" />
		</Unit>
		<Unit filename="bt95.cpp">
			<Option compile="0" />
			<Option link="0" />
		</Unit>
		<Unit filename="bt96.cpp">
			<Option compile="0" />
			<Option link="0" />
		</Unit>
		<Unit filename="bt97.cpp">
			<Option compile="0" />
			<Option link="0" />
		</Unit>
		<Unit filename="bt98.cpp">
			<Option compile="0" />
			<Option link="0" />
		</Unit>
		<Unit filename="bt99.cpp">
			<Option compile="0" />
			<Option link="0" />
		</Unit>
		<Extensions>
			<lib_finder disable_auto="1" />
		</Extensions>
	</Project>
</CodeBlocks_project_file>
