<?xml version="1.0" encoding="UTF-8" standalone="yes" ?>
<CodeBlocks_project_file>
	<FileVersion major="1" minor="6" />
	<Project>
		<Option title="btc++" />
		<Option pch_mode="2" />
		<Option compiler="gcc" />
		<Build>
			<Target title="Debug">
				<Option output="bin/Debug/btc++" prefix_auto="1" extension_auto="1" />
				<Option object_output="obj/Debug/" />
				<Option type="1" />
				<Option compiler="gcc" />
				<Compiler>
					<Add option="-g" />
				</Compiler>
			</Target>
			<Target title="Release">
				<Option output="bin/Release/btc++" prefix_auto="1" extension_auto="1" />
				<Option object_output="obj/Release/" />
				<Option type="1" />
				<Option compiler="gcc" />
				<Compiler>
					<Add option="-O2" />
				</Compiler>
				<Linker>
					<Add option="-s" />
				</Linker>
			</Target>
		</Build>
		<Compiler>
			<Add option="-Wall" />
		</Compiler>
		<Unit filename="107.cpp">
			<Option compile="0" />
			<Option link="0" />
		</Unit>
		<Unit filename="b341.cpp">
			<Option compile="0" />
			<Option link="0" />
		</Unit>
		<Unit filename="bt1.cpp">
			<Option compile="0" />
			<Option link="0" />
		</Unit>
		<Unit filename="bt10.cpp">
			<Option compile="0" />
			<Option link="0" />
		</Unit>
		<Unit filename="bt100.cpp">
			<Option compile="0" />
			<Option link="0" />
		</Unit>
		<Unit filename="bt101.cpp">
			<Option compile="0" />
			<Option link="0" />
		</Unit>
		<Unit filename="bt102.cpp">
			<Option compile="0" />
			<Option link="0" />
		</Unit>
		<Unit filename="bt103.cpp">
			<Option compile="0" />
			<Option link="0" />
		</Unit>
		<Unit filename="bt104.cpp">
			<Option compile="0" />
			<Option link="0" />
		</Unit>
		<Unit filename="bt105.cpp">
			<Option compile="0" />
			<Option link="0" />
		</Unit>
		<Unit filename="bt106.cpp">
			<Option compile="0" />
			<Option link="0" />
		</Unit>
		<Unit filename="bt108.cpp">
			<Option compile="0" />
			<Option link="0" />
		</Unit>
		<Unit filename="bt109.cpp">
			<Option compile="0" />
			<Option link="0" />
		</Unit>
		<Unit filename="bt11.cpp">
			<Option compile="0" />
			<Option link="0" />
		</Unit>
		<Unit filename="bt110.cpp">
			<Option compile="0" />
			<Option link="0" />
		</Unit>
		<Unit filename="bt111a.cpp">
			<Option compile="0" />
			<Option link="0" />
		</Unit>
		<Unit filename="bt111b.cpp">
			<Option compile="0" />
			<Option link="0" />
		</Unit>
		<Unit filename="bt111c.cpp">
			<Option compile="0" />
			<Option link="0" />
		</Unit>
		<Unit filename="bt111d.cpp">
			<Option compile="0" />
			<Option link="0" />
		</Unit>
		<Unit filename="bt112a.cpp">
			<Option compile="0" />
			<Option link="0" />
		</Unit>
		<Unit filename="bt112b.cpp">
			<Option compile="0" />
			<Option link="0" />
		</Unit>
		<Unit filename="bt113.cpp">
			<Option compile="0" />
			<Option link="0" />
		</Unit>
		<Unit filename="bt115.cpp">
			<Option compile="0" />
			<Option link="0" />
		</Unit>
		<Unit filename="bt116.cpp">
			<Option compile="0" />
			<Option link="0" />
		</Unit>
		<Unit filename="bt117.cpp">
			<Option compile="0" />
			<Option link="0" />
		</Unit>
		<Unit filename="bt119.cpp">
			<Option compile="0" />
			<Option link="0" />
		</Unit>
		<Unit filename="bt12.cpp">
			<Option compile="0" />
			<Option link="0" />
		</Unit>
		<Unit filename="bt120.cpp">
			<Option compile="0" />
			<Option link="0" />
		</Unit>
		<Unit filename="bt121.cpp">
			<Option compile="0" />
			<Option link="0" />
		</Unit>
		<Unit filename="bt122.cpp">
			<Option compile="0" />
			<Option link="0" />
		</Unit>
		<Unit filename="bt123.cpp">
			<Option compile="0" />
			<Option link="0" />
		</Unit>
		<Unit filename="bt125.cpp">
			<Option compile="0" />
			<Option link="0" />
		</Unit>
		<Unit filename="bt126.cpp">
			<Option compile="0" />
			<Option link="0" />
		</Unit>
		<Unit filename="bt127.cpp">
			<Option compile="0" />
			<Option link="0" />
		</Unit>
		<Unit filename="bt128.cpp">
			<Option compile="0" />
			<Option link="0" />
		</Unit>
		<Unit filename="bt129.cpp">
			<Option compile="0" />
			<Option link="0" />
		</Unit>
		<Unit filename="bt13.cpp">
			<Option compile="0" />
			<Option link="0" />
		</Unit>
		<Unit filename="bt130.cpp">
			<Option compile="0" />
			<Option link="0" />
		</Unit>
		<Unit filename="bt131.cpp">
			<Option compile="0" />
			<Option link="0" />
		</Unit>
		<Unit filename="bt132.cpp">
			<Option compile="0" />
			<Option link="0" />
		</Unit>
		<Unit filename="bt133.cpp">
			<Option compile="0" />
			<Option link="0" />
		</Unit>
		<Unit filename="bt134.cpp">
			<Option compile="0" />
			<Option link="0" />
		</Unit>
		<Unit filename="bt135.cpp">
			<Option compile="0" />
			<Option link="0" />
		</Unit>
		<Unit filename="bt136.cpp">
			<Option compile="0" />
			<Option link="0" />
		</Unit>
		<Unit filename="bt137.cpp">
			<Option compile="0" />
			<Option link="0" />
		</Unit>
		<Unit filename="bt138.cpp">
			<Option compile="0" />
			<Option link="0" />
		</Unit>
		<Unit filename="bt139.cpp">
			<Option compile="0" />
			<Option link="0" />
		</Unit>
		<Unit filename="bt14.cpp">
			<Option compile="0" />
			<Option link="0" />
		</Unit>
		<Unit filename="bt140.cpp">
			<Option compile="0" />
			<Option link="0" />
		</Unit>
		<Unit filename="bt141.cpp">
			<Option compile="0" />
			<Option link="0" />
		</Unit>
		<Unit filename="bt142.cpp">
			<Option compile="0" />
			<Option link="0" />
		</Unit>
		<Unit filename="bt143.cpp">
			<Option compile="0" />
			<Option link="0" />
		</Unit>
		<Unit filename="bt144.cpp">
			<Option compile="0" />
			<Option link="0" />
		</Unit>
		<Unit filename="bt145.cpp">
			<Option compile="0" />
			<Option link="0" />
		</Unit>
		<Unit filename="bt146.cpp">
			<Option compile="0" />
			<Option link="0" />
		</Unit>
		<Unit filename="bt147.cpp">
			<Option compile="0" />
			<Option link="0" />
		</Unit>
		<Unit filename="bt148.cpp">
			<Option compile="0" />
			<Option link="0" />
		</Unit>
		<Unit filename="bt149.cpp">
			<Option compile="0" />
			<Option link="0" />
		</Unit>
		<Unit filename="bt15.cpp">
			<Option compile="0" />
			<Option link="0" />
		</Unit>
		<Unit filename="bt150.cpp">
			<Option compile="0" />
			<Option link="0" />
		</Unit>
		<Unit filename="bt151.cpp">
			<Option compile="0" />
			<Option link="0" />
		</Unit>
		<Unit filename="bt152.cpp">
			<Option compile="0" />
			<Option link="0" />
		</Unit>
		<Unit filename="bt153.cpp">
			<Option compile="0" />
			<Option link="0" />
		</Unit>
		<Unit filename="bt154.cpp">
			<Option compile="0" />
			<Option link="0" />
		</Unit>
		<Unit filename="bt155.cpp">
			<Option compile="0" />
			<Option link="0" />
		</Unit>
		<Unit filename="bt156.cpp">
			<Option compile="0" />
			<Option link="0" />
		</Unit>
		<Unit filename="bt157.cpp">
			<Option compile="0" />
			<Option link="0" />
		</Unit>
		<Unit filename="bt158.cpp">
			<Option compile="0" />
			<Option link="0" />
		</Unit>
		<Unit filename="bt159.cpp">
			<Option compile="0" />
			<Option link="0" />
		</Unit>
		<Unit filename="bt16.cpp">
			<Option compile="0" />
			<Option link="0" />
		</Unit>
		<Unit filename="bt160.cpp">
			<Option compile="0" />
			<Option link="0" />
		</Unit>
		<Unit filename="bt161.cpp">
			<Option compile="0" />
			<Option link="0" />
		</Unit>
		<Unit filename="bt162.cpp">
			<Option compile="0" />
			<Option link="0" />
		</Unit>
		<Unit filename="bt163.cpp">
			<Option compile="0" />
			<Option link="0" />
		</Unit>
		<Unit filename="bt164.cpp">
			<Option compile="0" />
			<Option link="0" />
		</Unit>
		<Unit filename="bt165.cpp">
			<Option compile="0" />
			<Option link="0" />
		</Unit>
		<Unit filename="bt166.cpp">
			<Option compile="0" />
			<Option link="0" />
		</Unit>
		<Unit filename="bt167.cpp">
			<Option compile="0" />
			<Option link="0" />
		</Unit>
		<Unit filename="bt168.cpp">
			<Option compile="0" />
			<Option link="0" />
		</Unit>
		<Unit filename="bt169.cpp">
			<Option compile="0" />
			<Option link="0" />
		</Unit>
		<Unit filename="bt17.cpp">
			<Option compile="0" />
			<Option link="0" />
		</Unit>
		<Unit filename="bt170.cpp">
			<Option compile="0" />
			<Option link="0" />
		</Unit>
		<Unit filename="bt171.cpp">
			<Option compile="0" />
			<Option link="0" />
		</Unit>
		<Unit filename="bt172.cpp">
			<Option compile="0" />
			<Option link="0" />
		</Unit>
		<Unit filename="bt173.cpp">
			<Option compile="0" />
			<Option link="0" />
		</Unit>
		<Unit filename="bt174.cpp">
			<Option compile="0" />
			<Option link="0" />
		</Unit>
		<Unit filename="bt175.cpp">
			<Option compile="0" />
			<Option link="0" />
		</Unit>
		<Unit filename="bt176.cpp">
			<Option compile="0" />
			<Option link="0" />
		</Unit>
		<Unit filename="bt177.cpp">
			<Option compile="0" />
			<Option link="0" />
		</Unit>
		<Unit filename="bt178.cpp">
			<Option compile="0" />
			<Option link="0" />
		</Unit>
		<Unit filename="bt179.cpp">
			<Option compile="0" />
			<Option link="0" />
		</Unit>
		<Unit filename="bt18.cpp">
			<Option compile="0" />
			<Option link="0" />
		</Unit>
		<Unit filename="bt180.cpp">
			<Option compile="0" />
			<Option link="0" />
		</Unit>
		<Unit filename="bt181.cpp">
			<Option compile="0" />
			<Option link="0" />
		</Unit>
		<Unit filename="bt182.cpp">
			<Option compile="0" />
			<Option link="0" />
		</Unit>
		<Unit filename="bt183.cpp">
			<Option compile="0" />
			<Option link="0" />
		</Unit>
		<Unit filename="bt184.cpp">
			<Option compile="0" />
			<Option link="0" />
		</Unit>
		<Unit filename="bt185.cpp">
			<Option compile="0" />
			<Option link="0" />
		</Unit>
		<Unit filename="bt186.cpp">
			<Option compile="0" />
			<Option link="0" />
		</Unit>
		<Unit filename="bt187.cpp">
			<Option compile="0" />
			<Option link="0" />
		</Unit>
		<Unit filename="bt188.cpp">
			<Option compile="0" />
			<Option link="0" />
		</Unit>
		<Unit filename="bt189.cpp">
			<Option compile="0" />
			<Option link="0" />
		</Unit>
		<Unit filename="bt19.cpp">
			<Option compile="0" />
			<Option link="0" />
		</Unit>
		<Unit filename="bt190.cpp">
			<Option compile="0" />
			<Option link="0" />
		</Unit>
		<Unit filename="bt191.cpp">
			<Option compile="0" />
			<Option link="0" />
		</Unit>
		<Unit filename="bt192.cpp">
			<Option compile="0" />
			<Option link="0" />
		</Unit>
		<Unit filename="bt193.cpp">
			<Option compile="0" />
			<Option link="0" />
		</Unit>
		<Unit filename="bt194.cpp">
			<Option compile="0" />
			<Option link="0" />
		</Unit>
		<Unit filename="bt195.cpp">
			<Option compile="0" />
			<Option link="0" />
		</Unit>
		<Unit filename="bt196.cpp">
			<Option compile="0" />
			<Option link="0" />
		</Unit>
		<Unit filename="bt197.cpp">
			<Option compile="0" />
			<Option link="0" />
		</Unit>
		<Unit filename="bt198.cpp">
			<Option compile="0" />
			<Option link="0" />
		</Unit>
		<Unit filename="bt199.cpp">
			<Option compile="0" />
			<Option link="0" />
		</Unit>
		<Unit filename="bt2.cpp">
			<Option compile="0" />
			<Option link="0" />
		</Unit>
		<Unit filename="bt20.cpp">
			<Option compile="0" />
			<Option link="0" />
		</Unit>
		<Unit filename="bt200.cpp">
			<Option compile="0" />
			<Option link="0" />
		</Unit>
		<Unit filename="bt201.cpp">
			<Option compile="0" />
			<Option link="0" />
		</Unit>
		<Unit filename="bt202.cpp">
			<Option compile="0" />
			<Option link="0" />
		</Unit>
		<Unit filename="bt203.cpp">
			<Option compile="0" />
			<Option link="0" />
		</Unit>
		<Unit filename="bt204.cpp">
			<Option compile="0" />
			<Option link="0" />
		</Unit>
		<Unit filename="bt205.cpp">
			<Option compile="0" />
			<Option link="0" />
		</Unit>
		<Unit filename="bt206.cpp">
			<Option compile="0" />
			<Option link="0" />
		</Unit>
		<Unit filename="bt207.cpp">
			<Option compile="0" />
			<Option link="0" />
		</Unit>
		<Unit filename="bt208.cpp">
			<Option compile="0" />
			<Option link="0" />
		</Unit>
		<Unit filename="bt209.cpp">
			<Option compile="0" />
			<Option link="0" />
		</Unit>
		<Unit filename="bt21.cpp">
			<Option compile="0" />
			<Option link="0" />
		</Unit>
		<Unit filename="bt210.cpp">
			<Option compile="0" />
			<Option link="0" />
		</Unit>
		<Unit filename="bt211.cpp">
			<Option compile="0" />
			<Option link="0" />
		</Unit>
		<Unit filename="bt212.cpp">
			<Option compile="0" />
			<Option link="0" />
		</Unit>
		<Unit filename="bt213.cpp">
			<Option compile="0" />
			<Option link="0" />
		</Unit>
		<Unit filename="bt214.cpp">
			<Option compile="0" />
			<Option link="0" />
		</Unit>
		<Unit filename="bt215.cpp">
			<Option compile="0" />
			<Option link="0" />
		</Unit>
		<Unit filename="bt216.cpp">
			<Option compile="0" />
			<Option link="0" />
		</Unit>
		<Unit filename="bt217.cpp">
			<Option compile="0" />
			<Option link="0" />
		</Unit>
		<Unit filename="bt218.cpp">
			<Option compile="0" />
			<Option link="0" />
		</Unit>
		<Unit filename="bt219.cpp">
			<Option compile="0" />
			<Option link="0" />
		</Unit>
		<Unit filename="bt22.cpp">
			<Option compile="0" />
			<Option link="0" />
		</Unit>
		<Unit filename="bt220.cpp">
			<Option compile="0" />
			<Option link="0" />
		</Unit>
		<Unit filename="bt221.cpp">
			<Option compile="0" />
			<Option link="0" />
		</Unit>
		<Unit filename="bt222.cpp">
			<Option compile="0" />
			<Option link="0" />
		</Unit>
		<Unit filename="bt223.cpp">
			<Option compile="0" />
			<Option link="0" />
		</Unit>
		<Unit filename="bt224.cpp">
			<Option compile="0" />
			<Option link="0" />
		</Unit>
		<Unit filename="bt225.cpp">
			<Option compile="0" />
			<Option link="0" />
		</Unit>
		<Unit filename="bt226.cpp">
			<Option compile="0" />
			<Option link="0" />
		</Unit>
		<Unit filename="bt227.cpp">
			<Option compile="0" />
			<Option link="0" />
		</Unit>
		<Unit filename="bt228.cpp">
			<Option compile="0" />
			<Option link="0" />
		</Unit>
		<Unit filename="bt229.cpp">
			<Option compile="0" />
			<Option link="0" />
		</Unit>
		<Unit filename="bt23.cpp">
			<Option compile="0" />
			<Option link="0" />
		</Unit>
		<Unit filename="bt230.cpp">
			<Option compile="0" />
			<Option link="0" />
		</Unit>
		<Unit filename="bt231.cpp">
			<Option compile="0" />
			<Option link="0" />
		</Unit>
		<Unit filename="bt232.cpp">
			<Option compile="0" />
			<Option link="0" />
		</Unit>
		<Unit filename="bt233.cpp">
			<Option compile="0" />
			<Option link="0" />
		</Unit>
		<Unit filename="bt234.cpp">
			<Option compile="0" />
			<Option link="0" />
		</Unit>
		<Unit filename="bt235.cpp">
			<Option compile="0" />
			<Option link="0" />
		</Unit>
		<Unit filename="bt236.cpp">
			<Option compile="0" />
			<Option link="0" />
		</Unit>
		<Unit filename="bt237.cpp">
			<Option compile="0" />
			<Option link="0" />
		</Unit>
		<Unit filename="bt238.cpp">
			<Option compile="0" />
			<Option link="0" />
		</Unit>
		<Unit filename="bt239.cpp">
			<Option compile="0" />
			<Option link="0" />
		</Unit>
		<Unit filename="bt24.cpp">
			<Option compile="0" />
			<Option link="0" />
		</Unit>
		<Unit filename="bt240.cpp">
			<Option compile="0" />
			<Option link="0" />
		</Unit>
		<Unit filename="bt241.cpp">
			<Option compile="0" />
			<Option link="0" />
		</Unit>
		<Unit filename="bt242.cpp">
			<Option compile="0" />
			<Option link="0" />
		</Unit>
		<Unit filename="bt243.cpp">
			<Option compile="0" />
			<Option link="0" />
		</Unit>
		<Unit filename="bt244.cpp">
			<Option compile="0" />
			<Option link="0" />
		</Unit>
		<Unit filename="bt245.cpp">
			<Option compile="0" />
			<Option link="0" />
		</Unit>
		<Unit filename="bt246.cpp">
			<Option compile="0" />
			<Option link="0" />
		</Unit>
		<Unit filename="bt247.cpp">
			<Option compile="0" />
			<Option link="0" />
		</Unit>
		<Unit filename="bt248.cpp">
			<Option compile="0" />
			<Option link="0" />
		</Unit>
		<Unit filename="bt249.cpp">
			<Option compile="0" />
			<Option link="0" />
		</Unit>
		<Unit filename="bt25.cpp">
			<Option compile="0" />
			<Option link="0" />
		</Unit>
		<Unit filename="bt250.cpp">
			<Option compile="0" />
			<Option link="0" />
		</Unit>
		<Unit filename="bt251.cpp">
			<Option compile="0" />
			<Option link="0" />
		</Unit>
		<Unit filename="bt252.cpp">
			<Option compile="0" />
			<Option link="0" />
		</Unit>
		<Unit filename="bt253.cpp">
			<Option compile="0" />
			<Option link="0" />
		</Unit>
		<Unit filename="bt254.cpp">
			<Option compile="0" />
			<Option link="0" />
		</Unit>
		<Unit filename="bt255.cpp">
			<Option compile="0" />
			<Option link="0" />
		</Unit>
		<Unit filename="bt256.cpp">
			<Option compile="0" />
			<Option link="0" />
		</Unit>
		<Unit filename="bt257.cpp">
			<Option compile="0" />
			<Option link="0" />
		</Unit>
		<Unit filename="bt258.cpp">
			<Option compile="0" />
			<Option link="0" />
		</Unit>
		<Unit filename="bt259.cpp">
			<Option compile="0" />
			<Option link="0" />
		</Unit>
		<Unit filename="bt26.cpp">
			<Option compile="0" />
			<Option link="0" />
		</Unit>
		<Unit filename="bt260.cpp">
			<Option compile="0" />
			<Option link="0" />
		</Unit>
		<Unit filename="bt261.cpp">
			<Option compile="0" />
			<Option link="0" />
		</Unit>
		<Unit filename="bt262.cpp">
			<Option compile="0" />
			<Option link="0" />
		</Unit>
		<Unit filename="bt263.cpp">
			<Option compile="0" />
			<Option link="0" />
		</Unit>
		<Unit filename="bt264.cpp">
			<Option compile="0" />
			<Option link="0" />
		</Unit>
		<Unit filename="bt265.cpp">
			<Option compile="0" />
			<Option link="0" />
		</Unit>
		<Unit filename="bt266.cpp">
			<Option compile="0" />
			<Option link="0" />
		</Unit>
		<Unit filename="bt267.cpp">
			<Option compile="0" />
			<Option link="0" />
		</Unit>
		<Unit filename="bt268.cpp">
			<Option compile="0" />
			<Option link="0" />
		</Unit>
		<Unit filename="bt269.cpp">
			<Option compile="0" />
			<Option link="0" />
		</Unit>
		<Unit filename="bt27.cpp">
			<Option compile="0" />
			<Option link="0" />
		</Unit>
		<Unit filename="bt270.cpp">
			<Option compile="0" />
			<Option link="0" />
		</Unit>
		<Unit filename="bt271.cpp">
			<Option compile="0" />
			<Option link="0" />
		</Unit>
		<Unit filename="bt272.cpp">
			<Option compile="0" />
			<Option link="0" />
		</Unit>
		<Unit filename="bt273.cpp">
			<Option compile="0" />
			<Option link="0" />
		</Unit>
		<Unit filename="bt274.cpp">
			<Option compile="0" />
			<Option link="0" />
		</Unit>
		<Unit filename="bt275.cpp">
			<Option compile="0" />
			<Option link="0" />
		</Unit>
		<Unit filename="bt276.cpp">
			<Option compile="0" />
			<Option link="0" />
		</Unit>
		<Unit filename="bt277.cpp">
			<Option compile="0" />
			<Option link="0" />
		</Unit>
		<Unit filename="bt278.cpp">
			<Option compile="0" />
			<Option link="0" />
		</Unit>
		<Unit filename="bt279.cpp">
			<Option compile="0" />
			<Option link="0" />
		</Unit>
		<Unit filename="bt28.cpp">
			<Option compile="0" />
			<Option link="0" />
		</Unit>
		<Unit filename="bt280.cpp">
			<Option compile="0" />
			<Option link="0" />
		</Unit>
		<Unit filename="bt281.cpp">
			<Option compile="0" />
			<Option link="0" />
		</Unit>
		<Unit filename="bt282.cpp">
			<Option compile="0" />
			<Option link="0" />
		</Unit>
		<Unit filename="bt283.cpp">
			<Option compile="0" />
			<Option link="0" />
		</Unit>
		<Unit filename="bt284.cpp">
			<Option compile="0" />
			<Option link="0" />
		</Unit>
		<Unit filename="bt285.cpp">
			<Option compile="0" />
			<Option link="0" />
		</Unit>
		<Unit filename="bt286.cpp">
			<Option compile="0" />
			<Option link="0" />
		</Unit>
		<Unit filename="bt287.cpp">
			<Option compile="0" />
			<Option link="0" />
		</Unit>
		<Unit filename="bt288.cpp">
			<Option compile="0" />
			<Option link="0" />
		</Unit>
		<Unit filename="bt289.cpp">
			<Option compile="0" />
			<Option link="0" />
		</Unit>
		<Unit filename="bt29.cpp">
			<Option compile="0" />
			<Option link="0" />
		</Unit>
		<Unit filename="bt290.cpp">
			<Option compile="0" />
			<Option link="0" />
		</Unit>
		<Unit filename="bt291.cpp">
			<Option compile="0" />
			<Option link="0" />
		</Unit>
		<Unit filename="bt292.cpp">
			<Option compile="0" />
			<Option link="0" />
		</Unit>
		<Unit filename="bt293.cpp">
			<Option compile="0" />
			<Option link="0" />
		</Unit>
		<Unit filename="bt293b.cpp">
			<Option compile="0" />
			<Option link="0" />
		</Unit>
		<Unit filename="bt294.cpp">
			<Option compile="0" />
			<Option link="0" />
		</Unit>
		<Unit filename="bt295.cpp">
			<Option compile="0" />
			<Option link="0" />
		</Unit>
		<Unit filename="bt296.cpp">
			<Option compile="0" />
			<Option link="0" />
		</Unit>
		<Unit filename="bt297.cpp">
			<Option compile="0" />
			<Option link="0" />
		</Unit>
		<Unit filename="bt298.cpp">
			<Option compile="0" />
			<Option link="0" />
		</Unit>
		<Unit filename="bt299.cpp">
			<Option compile="0" />
			<Option link="0" />
		</Unit>
		<Unit filename="bt3.cpp">
			<Option compile="0" />
			<Option link="0" />
		</Unit>
		<Unit filename="bt30.cpp">
			<Option compile="0" />
			<Option link="0" />
		</Unit>
		<Unit filename="bt300.cpp">
			<Option compile="0" />
			<Option link="0" />
		</Unit>
		<Unit filename="bt301.cpp">
			<Option compile="0" />
			<Option link="0" />
		</Unit>
		<Unit filename="bt302.cpp">
			<Option compile="0" />
			<Option link="0" />
		</Unit>
		<Unit filename="bt303.cpp">
			<Option compile="0" />
			<Option link="0" />
		</Unit>
		<Unit filename="bt304.cpp">
			<Option compile="0" />
			<Option link="0" />
		</Unit>
		<Unit filename="bt305.cpp">
			<Option compile="0" />
			<Option link="0" />
		</Unit>
		<Unit filename="bt306.cpp">
			<Option compile="0" />
			<Option link="0" />
		</Unit>
		<Unit filename="bt307.cpp">
			<Option compile="0" />
			<Option link="0" />
		</Unit>
		<Unit filename="bt308.cpp">
			<Option compile="0" />
			<Option link="0" />
		</Unit>
		<Unit filename="bt309.cpp">
			<Option compile="0" />
			<Option link="0" />
		</Unit>
		<Unit filename="bt31.cpp">
			<Option compile="0" />
			<Option link="0" />
		</Unit>
		<Unit filename="bt310.cpp">
			<Option compile="0" />
			<Option link="0" />
		</Unit>
		<Unit filename="bt311.cpp">
			<Option compile="0" />
			<Option link="0" />
		</Unit>
		<Unit filename="bt312.cpp">
			<Option compile="0" />
			<Option link="0" />
		</Unit>
		<Unit filename="bt313.cpp">
			<Option compile="0" />
			<Option link="0" />
		</Unit>
		<Unit filename="bt314.cpp">
			<Option compile="0" />
			<Option link="0" />
		</Unit>
		<Unit filename="bt315.cpp">
			<Option compile="0" />
			<Option link="0" />
		</Unit>
		<Unit filename="bt316.cpp">
			<Option compile="0" />
			<Option link="0" />
		</Unit>
		<Unit filename="bt317.cpp">
			<Option compile="0" />
			<Option link="0" />
		</Unit>
		<Unit filename="bt318.cpp">
			<Option compile="0" />
			<Option link="0" />
		</Unit>
		<Unit filename="bt319.cpp">
			<Option compile="0" />
			<Option link="0" />
		</Unit>
		<Unit filename="bt32.cpp">
			<Option compile="0" />
			<Option link="0" />
		</Unit>
		<Unit filename="bt320.cpp">
			<Option compile="0" />
			<Option link="0" />
		</Unit>
		<Unit filename="bt321.cpp">
			<Option compile="0" />
			<Option link="0" />
		</Unit>
		<Unit filename="bt322.cpp">
			<Option compile="0" />
			<Option link="0" />
		</Unit>
		<Unit filename="bt323.cpp">
			<Option compile="0" />
			<Option link="0" />
		</Unit>
		<Unit filename="bt324.cpp">
			<Option compile="0" />
			<Option link="0" />
		</Unit>
		<Unit filename="bt325.cpp">
			<Option compile="0" />
			<Option link="0" />
		</Unit>
		<Unit filename="bt326.cpp">
			<Option compile="0" />
			<Option link="0" />
		</Unit>
		<Unit filename="bt327.cpp">
			<Option compile="0" />
			<Option link="0" />
		</Unit>
		<Unit filename="bt328.cpp">
			<Option compile="0" />
			<Option link="0" />
		</Unit>
		<Unit filename="bt329.cpp">
			<Option compile="0" />
			<Option link="0" />
		</Unit>
		<Unit filename="bt33.cpp">
			<Option compile="0" />
			<Option link="0" />
		</Unit>
		<Unit filename="bt330.cpp">
			<Option compile="0" />
			<Option link="0" />
		</Unit>
		<Unit filename="bt331.cpp">
			<Option compile="0" />
			<Option link="0" />
		</Unit>
		<Unit filename="bt332.cpp">
			<Option compile="0" />
			<Option link="0" />
		</Unit>
		<Unit filename="bt333.cpp">
			<Option compile="0" />
			<Option link="0" />
		</Unit>
		<Unit filename="bt334.cpp">
			<Option compile="0" />
			<Option link="0" />
		</Unit>
		<Unit filename="bt335.cpp">
			<Option compile="0" />
			<Option link="0" />
		</Unit>
		<Unit filename="bt336.cpp">
			<Option compile="0" />
			<Option link="0" />
		</Unit>
		<Unit filename="bt337.cpp">
			<Option compile="0" />
			<Option link="0" />
		</Unit>
		<Unit filename="bt338.cpp">
			<Option compile="0" />
			<Option link="0" />
		</Unit>
		<Unit filename="bt339.cpp">
			<Option compile="0" />
			<Option link="0" />
		</Unit>
		<Unit filename="bt34.cpp">
			<Option compile="0" />
			<Option link="0" />
		</Unit>
		<Unit filename="bt340.cpp">
			<Option compile="0" />
			<Option link="0" />
		</Unit>
		<Unit filename="bt341.cpp">
			<Option compile="0" />
			<Option link="0" />
		</Unit>
		<Unit filename="bt342.cpp">
			<Option compile="0" />
			<Option link="0" />
		</Unit>
		<Unit filename="bt343.cpp">
			<Option compile="0" />
			<Option link="0" />
		</Unit>
		<Unit filename="bt344.cpp">
			<Option compile="0" />
			<Option link="0" />
		</Unit>
		<Unit filename="bt345.cpp">
			<Option compile="0" />
			<Option link="0" />
		</Unit>
		<Unit filename="bt346.cpp">
			<Option compile="0" />
			<Option link="0" />
		</Unit>
		<Unit filename="bt347.cpp">
			<Option compile="0" />
			<Option link="0" />
		</Unit>
		<Unit filename="bt348.cpp">
			<Option compile="0" />
			<Option link="0" />
		</Unit>
		<Unit filename="bt349.cpp">
			<Option compile="0" />
			<Option link="0" />
		</Unit>
		<Unit filename="bt35.cpp">
			<Option compile="0" />
			<Option link="0" />
		</Unit>
		<Unit filename="bt350.cpp">
			<Option compile="0" />
			<Option link="0" />
		</Unit>
		<Unit filename="bt351.cpp">
			<Option compile="0" />
			<Option link="0" />
		</Unit>
		<Unit filename="bt352.cpp">
			<Option compile="0" />
			<Option link="0" />
		</Unit>
		<Unit filename="bt353.cpp">
			<Option compile="0" />
			<Option link="0" />
		</Unit>
		<Unit filename="bt354.cpp">
			<Option compile="0" />
			<Option link="0" />
		</Unit>
		<Unit filename="bt355.cpp">
			<Option compile="0" />
			<Option link="0" />
		</Unit>
		<Unit filename="bt356.cpp">
			<Option compile="0" />
			<Option link="0" />
		</Unit>
		<Unit filename="bt357.cpp">
			<Option compile="0" />
			<Option link="0" />
		</Unit>
		<Unit filename="bt358.cpp">
			<Option compile="0" />
			<Option link="0" />
		</Unit>
		<Unit filename="bt359.cpp">
			<Option compile="0" />
			<Option link="0" />
		</Unit>
		<Unit filename="bt36.cpp">
			<Option compile="0" />
			<Option link="0" />
		</Unit>
		<Unit filename="bt360.cpp">
			<Option compile="0" />
			<Option link="0" />
		</Unit>
		<Unit filename="bt361.cpp">
			<Option compile="0" />
			<Option link="0" />
		</Unit>
		<Unit filename="bt362.cpp">
			<Option compile="0" />
			<Option link="0" />
		</Unit>
		<Unit filename="bt363.cpp">
			<Option compile="0" />
			<Option link="0" />
		</Unit>
		<Unit filename="bt364.cpp">
			<Option compile="0" />
			<Option link="0" />
		</Unit>
		<Unit filename="bt365.cpp">
			<Option compile="0" />
			<Option link="0" />
		</Unit>
		<Unit filename="bt366.cpp">
			<Option compile="0" />
			<Option link="0" />
		</Unit>
		<Unit filename="bt367.cpp">
			<Option compile="0" />
			<Option link="0" />
		</Unit>
		<Unit filename="bt368.cpp">
			<Option compile="0" />
			<Option link="0" />
		</Unit>
		<Unit filename="bt369.cpp">
			<Option compile="0" />
			<Option link="0" />
		</Unit>
		<Unit filename="bt37.cpp">
			<Option compile="0" />
			<Option link="0" />
		</Unit>
		<Unit filename="bt370.cpp">
			<Option compile="0" />
			<Option link="0" />
		</Unit>
		<Unit filename="bt371.cpp">
			<Option compile="0" />
			<Option link="0" />
		</Unit>
		<Unit filename="bt372.cpp">
			<Option compile="0" />
			<Option link="0" />
		</Unit>
		<Unit filename="bt373.cpp">
			<Option compile="0" />
			<Option link="0" />
		</Unit>
		<Unit filename="bt374.cpp">
			<Option compile="0" />
			<Option link="0" />
		</Unit>
		<Unit filename="bt375.cpp">
			<Option compile="0" />
			<Option link="0" />
		</Unit>
		<Unit filename="bt376.cpp">
			<Option compile="0" />
			<Option link="0" />
		</Unit>
		<Unit filename="bt377.cpp">
			<Option compile="0" />
			<Option link="0" />
		</Unit>
		<Unit filename="bt378.cpp">
			<Option compile="0" />
			<Option link="0" />
		</Unit>
		<Unit filename="bt379.cpp">
			<Option compile="0" />
			<Option link="0" />
		</Unit>
		<Unit filename="bt38.cpp">
			<Option compile="0" />
			<Option link="0" />
		</Unit>
		<Unit filename="bt380.cpp">
			<Option compile="0" />
			<Option link="0" />
		</Unit>
		<Unit filename="bt381.cpp">
			<Option compile="0" />
			<Option link="0" />
		</Unit>
		<Unit filename="bt382.cpp">
			<Option compile="0" />
			<Option link="0" />
		</Unit>
		<Unit filename="bt383.cpp">
			<Option compile="0" />
			<Option link="0" />
		</Unit>
		<Unit filename="bt384.cpp">
			<Option compile="0" />
			<Option link="0" />
		</Unit>
		<Unit filename="bt385.cpp">
			<Option compile="0" />
			<Option link="0" />
		</Unit>
		<Unit filename="bt386.cpp">
			<Option compile="0" />
			<Option link="0" />
		</Unit>
		<Unit filename="bt387.cpp">
			<Option compile="0" />
			<Option link="0" />
		</Unit>
		<Unit filename="bt388.cpp">
			<Option compile="0" />
			<Option link="0" />
		</Unit>
		<Unit filename="bt389.cpp">
			<Option compile="0" />
			<Option link="0" />
		</Unit>
		<Unit filename="bt39.cpp">
			<Option compile="0" />
			<Option link="0" />
		</Unit>
		<Unit filename="bt390.cpp">
			<Option compile="0" />
			<Option link="0" />
		</Unit>
		<Unit filename="bt392.cpp">
			<Option compile="0" />
			<Option link="0" />
		</Unit>
		<Unit filename="bt393.cpp">
			<Option compile="0" />
			<Option link="0" />
		</Unit>
		<Unit filename="bt394.cpp">
			<Option compile="0" />
			<Option link="0" />
		</Unit>
		<Unit filename="bt395.cpp">
			<Option compile="0" />
			<Option link="0" />
		</Unit>
		<Unit filename="bt396.cpp">
			<Option compile="0" />
			<Option link="0" />
		</Unit>
		<Unit filename="bt397.cpp">
			<Option compile="0" />
			<Option link="0" />
		</Unit>
		<Unit filename="bt398.cpp">
			<Option compile="0" />
			<Option link="0" />
		</Unit>
		<Unit filename="bt399.cpp">
			<Option compile="0" />
			<Option link="0" />
		</Unit>
		<Unit filename="bt4.cpp">
			<Option compile="0" />
			<Option link="0" />
		</Unit>
		<Unit filename="bt40.cpp">
			<Option compile="0" />
			<Option link="0" />
		</Unit>
		<Unit filename="bt400.cpp" />
		<Unit filename="bt41.cpp">
			<Option compile="0" />
			<Option link="0" />
		</Unit>
		<Unit filename="bt42.cpp">
			<Option compile="0" />
			<Option link="0" />
		</Unit>
		<Unit filename="bt43.cpp">
			<Option compile="0" />
			<Option link="0" />
		</Unit>
		<Unit filename="bt44.cpp">
			<Option compile="0" />
			<Option link="0" />
		</Unit>
		<Unit filename="bt45.cpp">
			<Option compile="0" />
			<Option link="0" />
		</Unit>
		<Unit filename="bt46.cpp">
			<Option compile="0" />
			<Option link="0" />
		</Unit>
		<Unit filename="bt47.cpp">
			<Option compile="0" />
			<Option link="0" />
		</Unit>
		<Unit filename="bt48.cpp">
			<Option compile="0" />
			<Option link="0" />
		</Unit>
		<Unit filename="bt49.cpp">
			<Option compile="0" />
			<Option link="0" />
		</Unit>
		<Unit filename="bt5.cpp">
			<Option compile="0" />
			<Option link="0" />
		</Unit>
		<Unit filename="bt50.cpp">
			<Option compile="0" />
			<Option link="0" />
		</Unit>
		<Unit filename="bt51.cpp">
			<Option compile="0" />
			<Option link="0" />
		</Unit>
		<Unit filename="bt52.cpp">
			<Option compile="0" />
			<Option link="0" />
		</Unit>
		<Unit filename="bt53.cpp">
			<Option compile="0" />
			<Option link="0" />
		</Unit>
		<Unit filename="bt54.cpp">
			<Option compile="0" />
			<Option link="0" />
		</Unit>
		<Unit filename="bt55.cpp">
			<Option compile="0" />
			<Option link="0" />
		</Unit>
		<Unit filename="bt56.cpp">
			<Option compile="0" />
			<Option link="0" />
		</Unit>
		<Unit filename="bt57.cpp">
			<Option compile="0" />
			<Option link="0" />
		</Unit>
		<Unit filename="bt58.cpp">
			<Option compile="0" />
			<Option link="0" />
		</Unit>
		<Unit filename="bt59.cpp">
			<Option compile="0" />
			<Option link="0" />
		</Unit>
		<Unit filename="bt6.cpp">
			<Option compile="0" />
			<Option link="0" />
		</Unit>
		<Unit filename="bt60.cpp">
			<Option compile="0" />
			<Option link="0" />
		</Unit>
		<Unit filename="bt61.cpp">
			<Option compile="0" />
			<Option link="0" />
		</Unit>
		<Unit filename="bt62.cpp">
			<Option compile="0" />
			<Option link="0" />
		</Unit>
		<Unit filename="bt63.cpp">
			<Option compile="0" />
			<Option link="0" />
		</Unit>
		<Unit filename="bt64.cpp">
			<Option compile="0" />
			<Option link="0" />
		</Unit>
		<Unit filename="bt65.cpp">
			<Option compile="0" />
			<Option link="0" />
		</Unit>
		<Unit filename="bt66.cpp">
			<Option compile="0" />
			<Option link="0" />
		</Unit>
		<Unit filename="bt67.cpp">
			<Option compile="0" />
			<Option link="0" />
		</Unit>
		<Unit filename="bt68.cpp">
			<Option compile="0" />
			<Option link="0" />
		</Unit>
		<Unit filename="bt69.cpp">
			<Option compile="0" />
			<Option link="0" />
		</Unit>
		<Unit filename="bt7.cpp">
			<Option compile="0" />
			<Option link="0" />
		</Unit>
		<Unit filename="bt70.cpp">
			<Option compile="0" />
			<Option link="0" />
		</Unit>
		<Unit filename="bt71.cpp">
			<Option compile="0" />
			<Option link="0" />
		</Unit>
		<Unit filename="bt72.cpp">
			<Option compile="0" />
			<Option link="0" />
		</Unit>
		<Unit filename="bt73.cpp">
			<Option compile="0" />
			<Option link="0" />
		</Unit>
		<Unit filename="bt74.cpp">
			<Option compile="0" />
			<Option link="0" />
		</Unit>
		<Unit filename="bt75.cpp">
			<Option compile="0" />
			<Option link="0" />
		</Unit>
		<Unit filename="bt76.cpp">
			<Option compile="0" />
			<Option link="0" />
		</Unit>
		<Unit filename="bt77.cpp">
			<Option compile="0" />
			<Option link="0" />
		</Unit>
		<Unit filename="bt78.cpp">
			<Option compile="0" />
			<Option link="0" />
		</Unit>
		<Unit filename="bt79.cpp">
			<Option compile="0" />
			<Option link="0" />
		</Unit>
		<Unit filename="bt8.cpp">
			<Option compile="0" />
			<Option link="0" />
		</Unit>
		<Unit filename="bt80.cpp">
			<Option compile="0" />
			<Option link="0" />
		</Unit>
		<Unit filename="bt82.cpp">
			<Option compile="0" />
			<Option link="0" />
		</Unit>
		<Unit filename="bt83.cpp">
			<Option compile="0" />
			<Option link="0" />
		</Unit>
		<Unit filename="bt84.cpp">
			<Option compile="0" />
			<Option link="0" />
		</Unit>
		<Unit filename="bt85.cpp">
			<Option compile="0" />
			<Option link="0" />
		</Unit>
		<Unit filename="bt86.cpp">
			<Option compile="0" />
			<Option link="0" />
		</Unit>
		<Unit filename="bt87.cpp">
			<Option compile="0" />
			<Option link="0" />
		</Unit>
		<Unit filename="bt88.cpp">
			<Option compile="0" />
			<Option link="0" />
		</Unit>
		<Unit filename="bt89.cpp">
			<Option compile="0" />
			<Option link="0" />
		</Unit>
		<Unit filename="bt9.cpp">
			<Option compile="0" />
			<Option link="0" />
		</Unit>
		<Unit filename="bt90.cpp">
			<Option compile="0" />
			<Option link="0" />
		</Unit>
		<Unit filename="bt91.cpp">
			<Option compile="0" />
			<Option link="0" />
		</Unit>
		<Unit filename="bt92.cpp">
			<Option compile="0" />
			<Option link="0" />
		</Unit>
		<Unit filename="bt93.cpp">
			<Option compile="0" />
			<Option link="0" />
		</Unit>
		<Unit filename="bt94.cpp">
			<Option compile="0" />
			<Option link="0" />
		</Unit>
		<Unit filename="bt95.cpp">
			<Option compile="0" />
			<Option link="0" />
		</Unit>
		<Unit filename="bt96.cpp">
			<Option compile="0" />
			<Option link="0" />
		</Unit>
		<Unit filename="bt97.cpp">
			<Option compile="0" />
			<Option link="0" />
		</Unit>
		<Unit filename="bt98.cpp">
			<Option compile="0" />
			<Option link="0" />
		</Unit>
		<Unit filename="bt99.cpp">
			<Option compile="0" />
			<Option link="0" />
		</Unit>
		<Extensions>
			<lib_finder disable_auto="1" />
		</Extensions>
	</Project>
</CodeBlocks_project_file>
